{
	"name": "utils",
	"lockfileVersion": 3,
	"requires": true,
	"packages": {
		"": {
			"dependencies": {
				"@std/async": "npm:@jsr/std__async@^1.0.10",
				"@std/fs": "npm:@jsr/std__fs@^1.0.10",
				"@std/streams": "npm:@jsr/std__streams@^1.0.8",
				"@types/source-map-support": "^0.5.10",
				"source-map-support": "^0.5.21"
			},
			"devDependencies": {
				"@types/node": "^22.12.0"
			}
		},
		"node_modules/@jsr/std__bytes": {
			"version": "1.0.4",
			"resolved": "https://npm.jsr.io/~/11/@jsr/std__bytes/1.0.4.tgz",
			"integrity": "sha512-3RJxZsSHd9AhTIbJDYDigSTlElYkkU/NilUHtgLGxlXgNPxmb+wapntsxmgqQACsykhdCOUSW9SH/NinTBJ/XQ=="
		},
		"node_modules/@jsr/std__path": {
			"version": "1.0.8",
			"resolved": "https://npm.jsr.io/~/11/@jsr/std__path/1.0.8.tgz",
			"integrity": "sha512-eNBGlh/8ZVkMxtFH4bwIzlAeKoHYk5in4wrBZhi20zMdOiuX4QozP4+19mIXBT2lzHDjhuVLyECbhFeR304iDg=="
		},
		"node_modules/@std/async": {
			"name": "@jsr/std__async",
			"version": "1.0.10",
			"resolved": "https://npm.jsr.io/~/11/@jsr/std__async/1.0.10.tgz",
			"integrity": "sha512-/6RY097xGI2xBi8c83i0C/DSJnR7uymrzuuJu1RT4qr6DzNruV+dV+kLoTt+MQfu3TCAWraRbnpR5RN0LlSZQA=="
		},
		"node_modules/@std/fs": {
			"name": "@jsr/std__fs",
			"version": "1.0.10",
			"resolved": "https://npm.jsr.io/~/11/@jsr/std__fs/1.0.10.tgz",
			"integrity": "sha512-rVH3Y73A2uJMn1XA6NLvJtVYTYNnpHlTFuqrvVVD3AZ8q/Q9h4WL14Us02ThzfZp2SqUhG9bD974vzXA3QIeZA==",
			"dependencies": {
				"@jsr/std__path": "^1.0.8"
			}
		},
		"node_modules/@std/streams": {
			"name": "@jsr/std__streams",
			"version": "1.0.8",
			"resolved": "https://npm.jsr.io/~/11/@jsr/std__streams/1.0.8.tgz",
			"integrity": "sha512-CTpO3/SIGGsA8i4qWmplPiUxJKxtZ6bx4A7piYioFlt5BDUf1fUtNs/120NPEW0b97I8Z+nolCx5SdY32sNOfw==",
			"dependencies": {
				"@jsr/std__bytes": "^1.0.3"
			}
		},
		"node_modules/@types/node": {
			"version": "22.12.0",
			"resolved": "https://registry.npmjs.org/@types/node/-/node-22.12.0.tgz",
			"integrity": "sha512-Fll2FZ1riMjNmlmJOdAyY5pUbkftXslB5DgEzlIuNaiWhXd00FhWxVC/r4yV/4wBb9JfImTu+jiSvXTkJ7F/gA==",
			"dev": true,
			"license": "MIT",
			"dependencies": {
				"undici-types": "~6.20.0"
			}
		},
		"node_modules/@types/source-map-support": {
			"version": "0.5.10",
			"resolved": "https://registry.npmjs.org/@types/source-map-support/-/source-map-support-0.5.10.tgz",
			"integrity": "sha512-tgVP2H469x9zq34Z0m/fgPewGhg/MLClalNOiPIzQlXrSS2YrKu/xCdSCKnEDwkFha51VKEKB6A9wW26/ZNwzA==",
			"license": "MIT",
			"dependencies": {
				"source-map": "^0.6.0"
			}
		},
		"node_modules/buffer-from": {
			"version": "1.1.2",
			"resolved": "https://registry.npmjs.org/buffer-from/-/buffer-from-1.1.2.tgz",
			"integrity": "sha512-E+XQCRwSbaaiChtv6k6Dwgc+bx+Bs6vuKJHHl5kox/BaKbhiXzqQOwK4cO22yElGp2OCmjwVhT3HmxgyPGnJfQ==",
			"license": "MIT"
		},
		"node_modules/source-map": {
			"version": "0.6.1",
			"resolved": "https://registry.npmjs.org/source-map/-/source-map-0.6.1.tgz",
			"integrity": "sha512-UjgapumWlbMhkBgzT7Ykc5YXUT46F0iKu8SGXq0bcwP5dz/h0Plj6enJqjz1Zbq2l5WaqYnrVbwWOWMyF3F47g==",
			"license": "BSD-3-Clause",
			"engines": {
				"node": ">=0.10.0"
			}
		},
		"node_modules/source-map-support": {
			"version": "0.5.21",
			"resolved": "https://registry.npmjs.org/source-map-support/-/source-map-support-0.5.21.tgz",
			"integrity": "sha512-uBHU3L3czsIyYXKX88fdrGovxdSCoTGDRZ6SYXtSRxLZUzHg5P/66Ht6uoUlHu9EZod+inXhKo3qQgwXUT/y1w==",
			"license": "MIT",
			"dependencies": {
				"buffer-from": "^1.0.0",
				"source-map": "^0.6.0"
			}
		},
		"node_modules/undici-types": {
			"version": "6.20.0",
			"resolved": "https://registry.npmjs.org/undici-types/-/undici-types-6.20.0.tgz",
			"integrity": "sha512-Ny6QZ2Nju20vw1SRHe3d9jVu6gJ+4e3+MMpqu7pqE5HT6WsTSlce++GQmK5UXS8mzV8DSYHrQH+Xrf2jVcuKNg==",
			"dev": true,
			"license": "MIT"
		}
	}
}
